// !$*UTF8*$!
{
	archiveVersion = 1;
	classes = {
	};
	objectVersion = 46;
	objects = {

/* Begin PBXBuildFile section */
		9B9F2E4417F6271700B25CB5 /* Cocoa.framework in Frameworks */ = {isa = PBXBuildFile; fileRef = 9B9F2E4317F6271700B25CB5 /* Cocoa.framework */; };
		9B9F2E4E17F6271700B25CB5 /* InfoPlist.strings in Resources */ = {isa = PBXBuildFile; fileRef = 9B9F2E4C17F6271700B25CB5 /* InfoPlist.strings */; };
		9B9F2E5017F6271700B25CB5 /* main.m in Sources */ = {isa = PBXBuildFile; fileRef = 9B9F2E4F17F6271700B25CB5 /* main.m */; };
		9B9F2E5417F6271700B25CB5 /* Credits.rtf in Resources */ = {isa = PBXBuildFile; fileRef = 9B9F2E5217F6271700B25CB5 /* Credits.rtf */; };
		9B9F2E5717F6271700B25CB5 /* AppDelegate.m in Sources */ = {isa = PBXBuildFile; fileRef = 9B9F2E5617F6271700B25CB5 /* AppDelegate.m */; };
		9B9F2E5A17F6271700B25CB5 /* MainMenu.xib in Resources */ = {isa = PBXBuildFile; fileRef = 9B9F2E5817F6271700B25CB5 /* MainMenu.xib */; };
		9B9F2E5C17F6271700B25CB5 /* Images.xcassets in Resources */ = {isa = PBXBuildFile; fileRef = 9B9F2E5B17F6271700B25CB5 /* Images.xcassets */; };
		9B9F2E6317F6271700B25CB5 /* XCTest.framework in Frameworks */ = {isa = PBXBuildFile; fileRef = 9B9F2E6217F6271700B25CB5 /* XCTest.framework */; };
		9B9F2E6417F6271700B25CB5 /* Cocoa.framework in Frameworks */ = {isa = PBXBuildFile; fileRef = 9B9F2E4317F6271700B25CB5 /* Cocoa.framework */; };
		9B9F2E6C17F6271700B25CB5 /* InfoPlist.strings in Resources */ = {isa = PBXBuildFile; fileRef = 9B9F2E6A17F6271700B25CB5 /* InfoPlist.strings */; };
		9B9F2E6E17F6271700B25CB5 /* ExampleCibLoaderTests.m in Sources */ = {isa = PBXBuildFile; fileRef = 9B9F2E6D17F6271700B25CB5 /* ExampleCibLoaderTests.m */; };
/* End PBXBuildFile section */

/* Begin PBXContainerItemProxy section */
		9B9F2E6517F6271700B25CB5 /* PBXContainerItemProxy */ = {
			isa = PBXContainerItemProxy;
			containerPortal = 9B9F2E3817F6271700B25CB5 /* Project object */;
			proxyType = 1;
			remoteGlobalIDString = 9B9F2E3F17F6271700B25CB5;
			remoteInfo = ExampleCibLoader;
		};
/* End PBXContainerItemProxy section */

/* Begin PBXFileReference section */
		9B9F2E4017F6271700B25CB5 /* ExampleCibLoader.app */ = {isa = PBXFileReference; explicitFileType = wrapper.application; includeInIndex = 0; path = ExampleCibLoader.app; sourceTree = BUILT_PRODUCTS_DIR; };
		9B9F2E4317F6271700B25CB5 /* Cocoa.framework */ = {isa = PBXFileReference; lastKnownFileType = wrapper.framework; name = Cocoa.framework; path = System/Library/Frameworks/Cocoa.framework; sourceTree = SDKROOT; };
		9B9F2E4617F6271700B25CB5 /* AppKit.framework */ = {isa = PBXFileReference; lastKnownFileType = wrapper.framework; name = AppKit.framework; path = System/Library/Frameworks/AppKit.framework; sourceTree = SDKROOT; };
		9B9F2E4717F6271700B25CB5 /* CoreData.framework */ = {isa = PBXFileReference; lastKnownFileType = wrapper.framework; name = CoreData.framework; path = System/Library/Frameworks/CoreData.framework; sourceTree = SDKROOT; };
		9B9F2E4817F6271700B25CB5 /* Foundation.framework */ = {isa = PBXFileReference; lastKnownFileType = wrapper.framework; name = Foundation.framework; path = System/Library/Frameworks/Foundation.framework; sourceTree = SDKROOT; };
		9B9F2E4B17F6271700B25CB5 /* ExampleCibLoader-Info.plist */ = {isa = PBXFileReference; lastKnownFileType = text.plist.xml; path = "ExampleCibLoader-Info.plist"; sourceTree = "<group>"; };
		9B9F2E4D17F6271700B25CB5 /* en */ = {isa = PBXFileReference; lastKnownFileType = text.plist.strings; name = en; path = en.lproj/InfoPlist.strings; sourceTree = "<group>"; };
		9B9F2E4F17F6271700B25CB5 /* main.m */ = {isa = PBXFileReference; lastKnownFileType = sourcecode.c.objc; path = main.m; sourceTree = "<group>"; };
		9B9F2E5117F6271700B25CB5 /* ExampleCibLoader-Prefix.pch */ = {isa = PBXFileReference; lastKnownFileType = sourcecode.c.h; path = "ExampleCibLoader-Prefix.pch"; sourceTree = "<group>"; };
		9B9F2E5317F6271700B25CB5 /* en */ = {isa = PBXFileReference; lastKnownFileType = text.rtf; name = en; path = en.lproj/Credits.rtf; sourceTree = "<group>"; };
		9B9F2E5517F6271700B25CB5 /* AppDelegate.h */ = {isa = PBXFileReference; lastKnownFileType = sourcecode.c.h; path = AppDelegate.h; sourceTree = "<group>"; };
		9B9F2E5617F6271700B25CB5 /* AppDelegate.m */ = {isa = PBXFileReference; lastKnownFileType = sourcecode.c.objc; path = AppDelegate.m; sourceTree = "<group>"; };
		9B9F2E5917F6271700B25CB5 /* Base */ = {isa = PBXFileReference; lastKnownFileType = file.xib; name = Base; path = Base.lproj/MainMenu.xib; sourceTree = "<group>"; };
		9B9F2E5B17F6271700B25CB5 /* Images.xcassets */ = {isa = PBXFileReference; lastKnownFileType = folder.assetcatalog; path = Images.xcassets; sourceTree = "<group>"; };
		9B9F2E6117F6271700B25CB5 /* ExampleCibLoaderTests.xctest */ = {isa = PBXFileReference; explicitFileType = wrapper.cfbundle; includeInIndex = 0; path = ExampleCibLoaderTests.xctest; sourceTree = BUILT_PRODUCTS_DIR; };
		9B9F2E6217F6271700B25CB5 /* XCTest.framework */ = {isa = PBXFileReference; lastKnownFileType = wrapper.framework; name = XCTest.framework; path = Library/Frameworks/XCTest.framework; sourceTree = DEVELOPER_DIR; };
		9B9F2E6917F6271700B25CB5 /* ExampleCibLoaderTests-Info.plist */ = {isa = PBXFileReference; lastKnownFileType = text.plist.xml; path = "ExampleCibLoaderTests-Info.plist"; sourceTree = "<group>"; };
		9B9F2E6B17F6271700B25CB5 /* en */ = {isa = PBXFileReference; lastKnownFileType = text.plist.strings; name = en; path = en.lproj/InfoPlist.strings; sourceTree = "<group>"; };
		9B9F2E6D17F6271700B25CB5 /* ExampleCibLoaderTests.m */ = {isa = PBXFileReference; lastKnownFileType = sourcecode.c.objc; path = ExampleCibLoaderTests.m; sourceTree = "<group>"; };
/* End PBXFileReference section */

/* Begin PBXFrameworksBuildPhase section */
		9B9F2E3D17F6271700B25CB5 /* Frameworks */ = {
			isa = PBXFrameworksBuildPhase;
			buildActionMask = 2147483647;
			files = (
				9B9F2E4417F6271700B25CB5 /* Cocoa.framework in Frameworks */,
			);
			runOnlyForDeploymentPostprocessing = 0;
		};
		9B9F2E5E17F6271700B25CB5 /* Frameworks */ = {
			isa = PBXFrameworksBuildPhase;
			buildActionMask = 2147483647;
			files = (
				9B9F2E6417F6271700B25CB5 /* Cocoa.framework in Frameworks */,
				9B9F2E6317F6271700B25CB5 /* XCTest.framework in Frameworks */,
			);
			runOnlyForDeploymentPostprocessing = 0;
		};
/* End PBXFrameworksBuildPhase section */

/* Begin PBXGroup section */
		9B9F2E3717F6271700B25CB5 = {
			isa = PBXGroup;
			children = (
				9B9F2E4917F6271700B25CB5 /* ExampleCibLoader */,
				9B9F2E6717F6271700B25CB5 /* ExampleCibLoaderTests */,
				9B9F2E4217F6271700B25CB5 /* Frameworks */,
				9B9F2E4117F6271700B25CB5 /* Products */,
			);
			sourceTree = "<group>";
		};
		9B9F2E4117F6271700B25CB5 /* Products */ = {
			isa = PBXGroup;
			children = (
				9B9F2E4017F6271700B25CB5 /* ExampleCibLoader.app */,
				9B9F2E6117F6271700B25CB5 /* ExampleCibLoaderTests.xctest */,
			);
			name = Products;
			sourceTree = "<group>";
		};
		9B9F2E4217F6271700B25CB5 /* Frameworks */ = {
			isa = PBXGroup;
			children = (
				9B9F2E4317F6271700B25CB5 /* Cocoa.framework */,
				9B9F2E6217F6271700B25CB5 /* XCTest.framework */,
				9B9F2E4517F6271700B25CB5 /* Other Frameworks */,
			);
			name = Frameworks;
			sourceTree = "<group>";
		};
		9B9F2E4517F6271700B25CB5 /* Other Frameworks */ = {
			isa = PBXGroup;
			children = (
				9B9F2E4617F6271700B25CB5 /* AppKit.framework */,
				9B9F2E4717F6271700B25CB5 /* CoreData.framework */,
				9B9F2E4817F6271700B25CB5 /* Foundation.framework */,
			);
			name = "Other Frameworks";
			sourceTree = "<group>";
		};
		9B9F2E4917F6271700B25CB5 /* ExampleCibLoader */ = {
			isa = PBXGroup;
			children = (
				9B9F2E5517F6271700B25CB5 /* AppDelegate.h */,
				9B9F2E5617F6271700B25CB5 /* AppDelegate.m */,
				9B9F2E5817F6271700B25CB5 /* MainMenu.xib */,
				9B9F2E5B17F6271700B25CB5 /* Images.xcassets */,
				9B9F2E4A17F6271700B25CB5 /* Supporting Files */,
			);
			path = ExampleCibLoader;
			sourceTree = "<group>";
		};
		9B9F2E4A17F6271700B25CB5 /* Supporting Files */ = {
			isa = PBXGroup;
			children = (
				9B9F2E4B17F6271700B25CB5 /* ExampleCibLoader-Info.plist */,
				9B9F2E4C17F6271700B25CB5 /* InfoPlist.strings */,
				9B9F2E4F17F6271700B25CB5 /* main.m */,
				9B9F2E5117F6271700B25CB5 /* ExampleCibLoader-Prefix.pch */,
				9B9F2E5217F6271700B25CB5 /* Credits.rtf */,
			);
			name = "Supporting Files";
			sourceTree = "<group>";
		};
		9B9F2E6717F6271700B25CB5 /* ExampleCibLoaderTests */ = {
			isa = PBXGroup;
			children = (
				9B9F2E6D17F6271700B25CB5 /* ExampleCibLoaderTests.m */,
				9B9F2E6817F6271700B25CB5 /* Supporting Files */,
			);
			path = ExampleCibLoaderTests;
			sourceTree = "<group>";
		};
		9B9F2E6817F6271700B25CB5 /* Supporting Files */ = {
			isa = PBXGroup;
			children = (
				9B9F2E6917F6271700B25CB5 /* ExampleCibLoaderTests-Info.plist */,
				9B9F2E6A17F6271700B25CB5 /* InfoPlist.strings */,
			);
			name = "Supporting Files";
			sourceTree = "<group>";
		};
/* End PBXGroup section */

/* Begin PBXNativeTarget section */
		9B9F2E3F17F6271700B25CB5 /* ExampleCibLoader */ = {
			isa = PBXNativeTarget;
			buildConfigurationList = 9B9F2E7117F6271700B25CB5 /* Build configuration list for PBXNativeTarget "ExampleCibLoader" */;
			buildPhases = (
				9B9F2E3C17F6271700B25CB5 /* Sources */,
				9B9F2E3D17F6271700B25CB5 /* Frameworks */,
				9B9F2E3E17F6271700B25CB5 /* Resources */,
			);
			buildRules = (
			);
			dependencies = (
			);
			name = ExampleCibLoader;
			productName = ExampleCibLoader;
			productReference = 9B9F2E4017F6271700B25CB5 /* ExampleCibLoader.app */;
			productType = "com.apple.product-type.application";
		};
		9B9F2E6017F6271700B25CB5 /* ExampleCibLoaderTests */ = {
			isa = PBXNativeTarget;
			buildConfigurationList = 9B9F2E7417F6271700B25CB5 /* Build configuration list for PBXNativeTarget "ExampleCibLoaderTests" */;
			buildPhases = (
				9B9F2E5D17F6271700B25CB5 /* Sources */,
				9B9F2E5E17F6271700B25CB5 /* Frameworks */,
				9B9F2E5F17F6271700B25CB5 /* Resources */,
			);
			buildRules = (
			);
			dependencies = (
				9B9F2E6617F6271700B25CB5 /* PBXTargetDependency */,
			);
			name = ExampleCibLoaderTests;
			productName = ExampleCibLoaderTests;
			productReference = 9B9F2E6117F6271700B25CB5 /* ExampleCibLoaderTests.xctest */;
			productType = "com.apple.product-type.bundle.unit-test";
		};
/* End PBXNativeTarget section */

/* Begin PBXProject section */
		9B9F2E3817F6271700B25CB5 /* Project object */ = {
			isa = PBXProject;
			attributes = {
				LastUpgradeCheck = 0500;
				ORGANIZATIONNAME = "Richard Sarkis";
				TargetAttributes = {
					9B9F2E6017F6271700B25CB5 = {
						TestTargetID = 9B9F2E3F17F6271700B25CB5;
					};
				};
			};
			buildConfigurationList = 9B9F2E3B17F6271700B25CB5 /* Build configuration list for PBXProject "ExampleCibLoader" */;
			compatibilityVersion = "Xcode 3.2";
			developmentRegion = English;
			hasScannedForEncodings = 0;
			knownRegions = (
				en,
				Base,
			);
			mainGroup = 9B9F2E3717F6271700B25CB5;
			productRefGroup = 9B9F2E4117F6271700B25CB5 /* Products */;
			projectDirPath = "";
			projectRoot = "";
			targets = (
				9B9F2E3F17F6271700B25CB5 /* ExampleCibLoader */,
				9B9F2E6017F6271700B25CB5 /* ExampleCibLoaderTests */,
			);
		};
/* End PBXProject section */

/* Begin PBXResourcesBuildPhase section */
		9B9F2E3E17F6271700B25CB5 /* Resources */ = {
			isa = PBXResourcesBuildPhase;
			buildActionMask = 2147483647;
			files = (
				9B9F2E4E17F6271700B25CB5 /* InfoPlist.strings in Resources */,
				9B9F2E5C17F6271700B25CB5 /* Images.xcassets in Resources */,
				9B9F2E5417F6271700B25CB5 /* Credits.rtf in Resources */,
				9B9F2E5A17F6271700B25CB5 /* MainMenu.xib in Resources */,
			);
			runOnlyForDeploymentPostprocessing = 0;
		};
		9B9F2E5F17F6271700B25CB5 /* Resources */ = {
			isa = PBXResourcesBuildPhase;
			buildActionMask = 2147483647;
			files = (
				9B9F2E6C17F6271700B25CB5 /* InfoPlist.strings in Resources */,
			);
			runOnlyForDeploymentPostprocessing = 0;
		};
/* End PBXResourcesBuildPhase section */

/* Begin PBXSourcesBuildPhase section */
		9B9F2E3C17F6271700B25CB5 /* Sources */ = {
			isa = PBXSourcesBuildPhase;
			buildActionMask = 2147483647;
			files = (
				9B9F2E5717F6271700B25CB5 /* AppDelegate.m in Sources */,
				9B9F2E5017F6271700B25CB5 /* main.m in Sources */,
			);
			runOnlyForDeploymentPostprocessing = 0;
		};
		9B9F2E5D17F6271700B25CB5 /* Sources */ = {
			isa = PBXSourcesBuildPhase;
			buildActionMask = 2147483647;
			files = (
				9B9F2E6E17F6271700B25CB5 /* ExampleCibLoaderTests.m in Sources */,
			);
			runOnlyForDeploymentPostprocessing = 0;
		};
/* End PBXSourcesBuildPhase section */

/* Begin PBXTargetDependency section */
		9B9F2E6617F6271700B25CB5 /* PBXTargetDependency */ = {
			isa = PBXTargetDependency;
			target = 9B9F2E3F17F6271700B25CB5 /* ExampleCibLoader */;
			targetProxy = 9B9F2E6517F6271700B25CB5 /* PBXContainerItemProxy */;
		};
/* End PBXTargetDependency section */

/* Begin PBXVariantGroup section */
		9B9F2E4C17F6271700B25CB5 /* InfoPlist.strings */ = {
			isa = PBXVariantGroup;
			children = (
				9B9F2E4D17F6271700B25CB5 /* en */,
			);
			name = InfoPlist.strings;
			sourceTree = "<group>";
		};
		9B9F2E5217F6271700B25CB5 /* Credits.rtf */ = {
			isa = PBXVariantGroup;
			children = (
				9B9F2E5317F6271700B25CB5 /* en */,
			);
			name = Credits.rtf;
			sourceTree = "<group>";
		};
		9B9F2E5817F6271700B25CB5 /* MainMenu.xib */ = {
			isa = PBXVariantGroup;
			children = (
				9B9F2E5917F6271700B25CB5 /* Base */,
			);
			name = MainMenu.xib;
			sourceTree = "<group>";
		};
		9B9F2E6A17F6271700B25CB5 /* InfoPlist.strings */ = {
			isa = PBXVariantGroup;
			children = (
				9B9F2E6B17F6271700B25CB5 /* en */,
			);
			name = InfoPlist.strings;
			sourceTree = "<group>";
		};
/* End PBXVariantGroup section */

/* Begin XCBuildConfiguration section */
		9B9F2E6F17F6271700B25CB5 /* Debug */ = {
			isa = XCBuildConfiguration;
			buildSettings = {
				ALWAYS_SEARCH_USER_PATHS = NO;
				CLANG_CXX_LANGUAGE_STANDARD = "gnu++0x";
				CLANG_CXX_LIBRARY = "libc++";
				CLANG_ENABLE_OBJC_ARC = YES;
				CLANG_WARN_BOOL_CONVERSION = YES;
				CLANG_WARN_CONSTANT_CONVERSION = YES;
				CLANG_WARN_DIRECT_OBJC_ISA_USAGE = YES_ERROR;
				CLANG_WARN_EMPTY_BODY = YES;
				CLANG_WARN_ENUM_CONVERSION = YES;
				CLANG_WARN_INT_CONVERSION = YES;
				CLANG_WARN_OBJC_ROOT_CLASS = YES_ERROR;
				CLANG_WARN__DUPLICATE_METHOD_MATCH = YES;
				COPY_PHASE_STRIP = NO;
				GCC_C_LANGUAGE_STANDARD = gnu99;
				GCC_DYNAMIC_NO_PIC = NO;
				GCC_ENABLE_OBJC_EXCEPTIONS = YES;
				GCC_OPTIMIZATION_LEVEL = 0;
				GCC_PREPROCESSOR_DEFINITIONS = (
					"DEBUG=1",
					"$(inherited)",
				);
				GCC_SYMBOLS_PRIVATE_EXTERN = NO;
				GCC_WARN_64_TO_32_BIT_CONVERSION = YES;
				GCC_WARN_ABOUT_RETURN_TYPE = YES_ERROR;
				GCC_WARN_UNDECLARED_SELECTOR = YES;
				GCC_WARN_UNINITIALIZED_AUTOS = YES;
				GCC_WARN_UNUSED_FUNCTION = YES;
				GCC_WARN_UNUSED_VARIABLE = YES;
				MACOSX_DEPLOYMENT_TARGET = 10.8;
				ONLY_ACTIVE_ARCH = YES;
				SDKROOT = macosx;
			};
			name = Debug;
		};
		9B9F2E7017F6271700B25CB5 /* Release */ = {
			isa = XCBuildConfiguration;
			buildSettings = {
				ALWAYS_SEARCH_USER_PATHS = NO;
				CLANG_CXX_LANGUAGE_STANDARD = "gnu++0x";
				CLANG_CXX_LIBRARY = "libc++";
				CLANG_ENABLE_OBJC_ARC = YES;
				CLANG_WARN_BOOL_CONVERSION = YES;
				CLANG_WARN_CONSTANT_CONVERSION = YES;
				CLANG_WARN_DIRECT_OBJC_ISA_USAGE = YES_ERROR;
				CLANG_WARN_EMPTY_BODY = YES;
				CLANG_WARN_ENUM_CONVERSION = YES;
				CLANG_WARN_INT_CONVERSION = YES;
				CLANG_WARN_OBJC_ROOT_CLASS = YES_ERROR;
				CLANG_WARN__DUPLICATE_METHOD_MATCH = YES;
				COPY_PHASE_STRIP = YES;
				DEBUG_INFORMATION_FORMAT = "dwarf-with-dsym";
				ENABLE_NS_ASSERTIONS = NO;
				GCC_C_LANGUAGE_STANDARD = gnu99;
				GCC_ENABLE_OBJC_EXCEPTIONS = YES;
				GCC_WARN_64_TO_32_BIT_CONVERSION = YES;
				GCC_WARN_ABOUT_RETURN_TYPE = YES_ERROR;
				GCC_WARN_UNDECLARED_SELECTOR = YES;
				GCC_WARN_UNINITIALIZED_AUTOS = YES;
				GCC_WARN_UNUSED_FUNCTION = YES;
				GCC_WARN_UNUSED_VARIABLE = YES;
				MACOSX_DEPLOYMENT_TARGET = 10.8;
				SDKROOT = macosx;
			};
			name = Release;
		};
		9B9F2E7217F6271700B25CB5 /* Debug */ = {
			isa = XCBuildConfiguration;
			buildSettings = {
				ASSETCATALOG_COMPILER_APPICON_NAME = AppIcon;
				COMBINE_HIDPI_IMAGES = YES;
				GCC_PRECOMPILE_PREFIX_HEADER = YES;
				GCC_PREFIX_HEADER = "ExampleCibLoader/ExampleCibLoader-Prefix.pch";
				INFOPLIST_FILE = "ExampleCibLoader/ExampleCibLoader-Info.plist";
				PRODUCT_NAME = "$(TARGET_NAME)";
				WRAPPER_EXTENSION = app;
			};
			name = Debug;
		};
		9B9F2E7317F6271700B25CB5 /* Release */ = {
			isa = XCBuildConfiguration;
			buildSettings = {
				ASSETCATALOG_COMPILER_APPICON_NAME = AppIcon;
				COMBINE_HIDPI_IMAGES = YES;
				GCC_PRECOMPILE_PREFIX_HEADER = YES;
				GCC_PREFIX_HEADER = "ExampleCibLoader/ExampleCibLoader-Prefix.pch";
				INFOPLIST_FILE = "ExampleCibLoader/ExampleCibLoader-Info.plist";
				PRODUCT_NAME = "$(TARGET_NAME)";
				WRAPPER_EXTENSION = app;
			};
			name = Release;
		};
		9B9F2E7517F6271700B25CB5 /* Debug */ = {
			isa = XCBuildConfiguration;
			buildSettings = {
				BUNDLE_LOADER = "$(BUILT_PRODUCTS_DIR)/ExampleCibLoader.app/Contents/MacOS/ExampleCibLoader";
				COMBINE_HIDPI_IMAGES = YES;
				FRAMEWORK_SEARCH_PATHS = (
					"$(DEVELOPER_FRAMEWORKS_DIR)",
					"$(inherited)",
				);
				GCC_PRECOMPILE_PREFIX_HEADER = YES;
				GCC_PREFIX_HEADER = "ExampleCibLoader/ExampleCibLoader-Prefix.pch";
				GCC_PREPROCESSOR_DEFINITIONS = (
					"DEBUG=1",
					"$(inherited)",
				);
				INFOPLIST_FILE = "ExampleCibLoaderTests/ExampleCibLoaderTests-Info.plist";
				PRODUCT_NAME = "$(TARGET_NAME)";
				TEST_HOST = "$(BUNDLE_LOADER)";
				WRAPPER_EXTENSION = xctest;
			};
			name = Debug;
		};
		9B9F2E7617F6271700B25CB5 /* Release */ = {
			isa = XCBuildConfiguration;
			buildSettings = {
				BUNDLE_LOADER = "$(BUILT_PRODUCTS_DIR)/ExampleCibLoader.app/Contents/MacOS/ExampleCibLoader";
				COMBINE_HIDPI_IMAGES = YES;
				FRAMEWORK_SEARCH_PATHS = (
					"$(DEVELOPER_FRAMEWORKS_DIR)",
					"$(inherited)",
				);
				GCC_PRECOMPILE_PREFIX_HEADER = YES;
				GCC_PREFIX_HEADER = "ExampleCibLoader/ExampleCibLoader-Prefix.pch";
				INFOPLIST_FILE = "ExampleCibLoaderTests/ExampleCibLoaderTests-Info.plist";
				PRODUCT_NAME = "$(TARGET_NAME)";
				TEST_HOST = "$(BUNDLE_LOADER)";
				WRAPPER_EXTENSION = xctest;
			};
			name = Release;
		};
/* End XCBuildConfiguration section */

/* Begin XCConfigurationList section */
		9B9F2E3B17F6271700B25CB5 /* Build configuration list for PBXProject "ExampleCibLoader" */ = {
			isa = XCConfigurationList;
			buildConfigurations = (
				9B9F2E6F17F6271700B25CB5 /* Debug */,
				9B9F2E7017F6271700B25CB5 /* Release */,
			);
			defaultConfigurationIsVisible = 0;
			defaultConfigurationName = Release;
		};
		9B9F2E7117F6271700B25CB5 /* Build configuration list for PBXNativeTarget "ExampleCibLoader" */ = {
			isa = XCConfigurationList;
			buildConfigurations = (
				9B9F2E7217F6271700B25CB5 /* Debug */,
				9B9F2E7317F6271700B25CB5 /* Release */,
			);
			defaultConfigurationIsVisible = 0;
		};
		9B9F2E7417F6271700B25CB5 /* Build configuration list for PBXNativeTarget "ExampleCibLoaderTests" */ = {
			isa = XCConfigurationList;
			buildConfigurations = (
				9B9F2E7517F6271700B25CB5 /* Debug */,
				9B9F2E7617F6271700B25CB5 /* Release */,
			);
			defaultConfigurationIsVisible = 0;
		};
/* End XCConfigurationList section */
	};
	rootObject = 9B9F2E3817F6271700B25CB5 /* Project object */;
}
